// !$*UTF8*$!
{
	archiveVersion = 1;
	classes = {
	};
	objectVersion = 46;
	objects = {

/* Begin PBXBuildFile section */
		3B538A0717ADF6EE0054E71F /* Detail3ViewController.m in Sources */ = {isa = PBXBuildFile; fileRef = 3B538A0617ADF6EE0054E71F /* Detail3ViewController.m */; };
		3B538A1117AFB38C0054E71F /* Indicator_Home_Hit@2x.png in Resources */ = {isa = PBXBuildFile; fileRef = 3B538A0817AFB38C0054E71F /* Indicator_Home_Hit@2x.png */; };
		3B538A1217AFB38C0054E71F /* Indicator_Home@2x.png in Resources */ = {isa = PBXBuildFile; fileRef = 3B538A0917AFB38C0054E71F /* Indicator_Home@2x.png */; };
		3B538A1317AFB38C0054E71F /* Indicator_SegTab@2x.png in Resources */ = {isa = PBXBuildFile; fileRef = 3B538A0A17AFB38C0054E71F /* Indicator_SegTab@2x.png */; };
		3B538A1417AFB38C0054E71F /* Indicator_Setting_Hit@2x.png in Resources */ = {isa = PBXBuildFile; fileRef = 3B538A0B17AFB38C0054E71F /* Indicator_Setting_Hit@2x.png */; };
		3B538A1517AFB38C0054E71F /* Indicator_Setting@2x.png in Resources */ = {isa = PBXBuildFile; fileRef = 3B538A0C17AFB38C0054E71F /* Indicator_Setting@2x.png */; };
		3B538A1617AFB38C0054E71F /* Indicator_Store_Hit@2x.png in Resources */ = {isa = PBXBuildFile; fileRef = 3B538A0D17AFB38C0054E71F /* Indicator_Store_Hit@2x.png */; };
		3B538A1717AFB38C0054E71F /* Indicator_Store@2x.png in Resources */ = {isa = PBXBuildFile; fileRef = 3B538A0E17AFB38C0054E71F /* Indicator_Store@2x.png */; };
		3B538A1817AFB38C0054E71F /* Indicator_Tops_Hit@2x.png in Resources */ = {isa = PBXBuildFile; fileRef = 3B538A0F17AFB38C0054E71F /* Indicator_Tops_Hit@2x.png */; };
		3B538A1917AFB38C0054E71F /* Indicator_Tops@2x.png in Resources */ = {isa = PBXBuildFile; fileRef = 3B538A1017AFB38C0054E71F /* Indicator_Tops@2x.png */; };
		3B98A54217B0ED4800729EAA /* Bg_NewTip@2x.png in Resources */ = {isa = PBXBuildFile; fileRef = 3B98A54117B0ED4800729EAA /* Bg_NewTip@2x.png */; };
		3B98A54417B117EF00729EAA /* QuartzCore.framework in Frameworks */ = {isa = PBXBuildFile; fileRef = 3B98A54317B117EF00729EAA /* QuartzCore.framework */; };
		3B98A54617B118B100729EAA /* Shadow_Tabbar@2x.png in Resources */ = {isa = PBXBuildFile; fileRef = 3B98A54517B118B100729EAA /* Shadow_Tabbar@2x.png */; };
		613EBDA01776DDF9004FBA47 /* UIKit.framework in Frameworks */ = {isa = PBXBuildFile; fileRef = 613EBD9F1776DDF9004FBA47 /* UIKit.framework */; };
		613EBDA21776DDF9004FBA47 /* Foundation.framework in Frameworks */ = {isa = PBXBuildFile; fileRef = 613EBDA11776DDF9004FBA47 /* Foundation.framework */; };
		613EBDA41776DDF9004FBA47 /* CoreGraphics.framework in Frameworks */ = {isa = PBXBuildFile; fileRef = 613EBDA31776DDF9004FBA47 /* CoreGraphics.framework */; };
		613EBDAA1776DDF9004FBA47 /* InfoPlist.strings in Resources */ = {isa = PBXBuildFile; fileRef = 613EBDA81776DDF9004FBA47 /* InfoPlist.strings */; };
		613EBDAC1776DDF9004FBA47 /* main.m in Sources */ = {isa = PBXBuildFile; fileRef = 613EBDAB1776DDF9004FBA47 /* main.m */; };
		613EBDB01776DDF9004FBA47 /* AppDelegate.m in Sources */ = {isa = PBXBuildFile; fileRef = 613EBDAF1776DDF9004FBA47 /* AppDelegate.m */; };
		613EBDB21776DDF9004FBA47 /* Default.png in Resources */ = {isa = PBXBuildFile; fileRef = 613EBDB11776DDF9004FBA47 /* Default.png */; };
		613EBDB41776DDF9004FBA47 /* Default@2x.png in Resources */ = {isa = PBXBuildFile; fileRef = 613EBDB31776DDF9004FBA47 /* Default@2x.png */; };
		613EBDB61776DDF9004FBA47 /* Default-568h@2x.png in Resources */ = {isa = PBXBuildFile; fileRef = 613EBDB51776DDF9004FBA47 /* Default-568h@2x.png */; };
		613EBDB91776DDF9004FBA47 /* MainStoryboard.storyboard in Resources */ = {isa = PBXBuildFile; fileRef = 613EBDB71776DDF9004FBA47 /* MainStoryboard.storyboard */; };
		613EBDBC1776DDF9004FBA47 /* ViewController.m in Sources */ = {isa = PBXBuildFile; fileRef = 613EBDBB1776DDF9004FBA47 /* ViewController.m */; };
		613EBDC41776DDF9004FBA47 /* SenTestingKit.framework in Frameworks */ = {isa = PBXBuildFile; fileRef = 613EBDC31776DDF9004FBA47 /* SenTestingKit.framework */; };
		613EBDC51776DDF9004FBA47 /* UIKit.framework in Frameworks */ = {isa = PBXBuildFile; fileRef = 613EBD9F1776DDF9004FBA47 /* UIKit.framework */; };
		613EBDC61776DDF9004FBA47 /* Foundation.framework in Frameworks */ = {isa = PBXBuildFile; fileRef = 613EBDA11776DDF9004FBA47 /* Foundation.framework */; };
		613EBDCE1776DDFA004FBA47 /* InfoPlist.strings in Resources */ = {isa = PBXBuildFile; fileRef = 613EBDCC1776DDFA004FBA47 /* InfoPlist.strings */; };
		613EBDD11776DDFA004FBA47 /* scrollerTests.m in Sources */ = {isa = PBXBuildFile; fileRef = 613EBDD01776DDFA004FBA47 /* scrollerTests.m */; };
		613EBDEC1776E174004FBA47 /* HZScrollerController.m in Sources */ = {isa = PBXBuildFile; fileRef = 613EBDEB1776E174004FBA47 /* HZScrollerController.m */; };
		613EBDED1776E174004FBA47 /* HZScrollerController.m in Sources */ = {isa = PBXBuildFile; fileRef = 613EBDEB1776E174004FBA47 /* HZScrollerController.m */; };
		613EBDF01776E2A2004FBA47 /* HZScrollerBar.m in Sources */ = {isa = PBXBuildFile; fileRef = 613EBDEF1776E2A2004FBA47 /* HZScrollerBar.m */; };
		613EBDF11776E2A2004FBA47 /* HZScrollerBar.m in Sources */ = {isa = PBXBuildFile; fileRef = 613EBDEF1776E2A2004FBA47 /* HZScrollerBar.m */; };
		613EBDF41776E35C004FBA47 /* HZScrollerItem.m in Sources */ = {isa = PBXBuildFile; fileRef = 613EBDF31776E35C004FBA47 /* HZScrollerItem.m */; };
		613EBDF51776E35C004FBA47 /* HZScrollerItem.m in Sources */ = {isa = PBXBuildFile; fileRef = 613EBDF31776E35C004FBA47 /* HZScrollerItem.m */; };
		613EBDF81776E7DC004FBA47 /* UIViewController+Scorller.m in Sources */ = {isa = PBXBuildFile; fileRef = 613EBDF71776E7DC004FBA47 /* UIViewController+Scorller.m */; };
		613EBDF91776E7DC004FBA47 /* UIViewController+Scorller.m in Sources */ = {isa = PBXBuildFile; fileRef = 613EBDF71776E7DC004FBA47 /* UIViewController+Scorller.m */; };
		613EBDFC1776F403004FBA47 /* NavTableViewController.m in Sources */ = {isa = PBXBuildFile; fileRef = 613EBDFB1776F403004FBA47 /* NavTableViewController.m */; };
		613EBDFD1776F403004FBA47 /* NavTableViewController.m in Sources */ = {isa = PBXBuildFile; fileRef = 613EBDFB1776F403004FBA47 /* NavTableViewController.m */; };
		613EBE001776F412004FBA47 /* TableViewController.m in Sources */ = {isa = PBXBuildFile; fileRef = 613EBDFF1776F412004FBA47 /* TableViewController.m */; };
		613EBE011776F412004FBA47 /* TableViewController.m in Sources */ = {isa = PBXBuildFile; fileRef = 613EBDFF1776F412004FBA47 /* TableViewController.m */; };
		613EBE04177731EB004FBA47 /* DetailViewController.m in Sources */ = {isa = PBXBuildFile; fileRef = 613EBE03177731EB004FBA47 /* DetailViewController.m */; };
		613EBE05177731EB004FBA47 /* DetailViewController.m in Sources */ = {isa = PBXBuildFile; fileRef = 613EBE03177731EB004FBA47 /* DetailViewController.m */; };
		613EBE081777337E004FBA47 /* Detail2ViewController.m in Sources */ = {isa = PBXBuildFile; fileRef = 613EBE071777337D004FBA47 /* Detail2ViewController.m */; };
		613EBE091777337E004FBA47 /* Detail2ViewController.m in Sources */ = {isa = PBXBuildFile; fileRef = 613EBE071777337D004FBA47 /* Detail2ViewController.m */; };
/* End PBXBuildFile section */

/* Begin PBXContainerItemProxy section */
		613EBDC71776DDF9004FBA47 /* PBXContainerItemProxy */ = {
			isa = PBXContainerItemProxy;
			containerPortal = 613EBD941776DDF9004FBA47 /* Project object */;
			proxyType = 1;
			remoteGlobalIDString = 613EBD9B1776DDF9004FBA47;
			remoteInfo = scroller;
		};
/* End PBXContainerItemProxy section */

/* Begin PBXFileReference section */
		3B538A0517ADF6EE0054E71F /* Detail3ViewController.h */ = {isa = PBXFileReference; fileEncoding = 4; lastKnownFileType = sourcecode.c.h; path = Detail3ViewController.h; sourceTree = "<group>"; };
		3B538A0617ADF6EE0054E71F /* Detail3ViewController.m */ = {isa = PBXFileReference; fileEncoding = 4; lastKnownFileType = sourcecode.c.objc; path = Detail3ViewController.m; sourceTree = "<group>"; };
		3B538A0817AFB38C0054E71F /* Indicator_Home_Hit@2x.png */ = {isa = PBXFileReference; lastKnownFileType = image.png; path = "Indicator_Home_Hit@2x.png"; sourceTree = "<group>"; };
		3B538A0917AFB38C0054E71F /* Indicator_Home@2x.png */ = {isa = PBXFileReference; lastKnownFileType = image.png; path = "Indicator_Home@2x.png"; sourceTree = "<group>"; };
		3B538A0A17AFB38C0054E71F /* Indicator_SegTab@2x.png */ = {isa = PBXFileReference; lastKnownFileType = image.png; path = "Indicator_SegTab@2x.png"; sourceTree = "<group>"; };
		3B538A0B17AFB38C0054E71F /* Indicator_Setting_Hit@2x.png */ = {isa = PBXFileReference; lastKnownFileType = image.png; path = "Indicator_Setting_Hit@2x.png"; sourceTree = "<group>"; };
		3B538A0C17AFB38C0054E71F /* Indicator_Setting@2x.png */ = {isa = PBXFileReference; lastKnownFileType = image.png; path = "Indicator_Setting@2x.png"; sourceTree = "<group>"; };
		3B538A0D17AFB38C0054E71F /* Indicator_Store_Hit@2x.png */ = {isa = PBXFileReference; lastKnownFileType = image.png; path = "Indicator_Store_Hit@2x.png"; sourceTree = "<group>"; };
		3B538A0E17AFB38C0054E71F /* Indicator_Store@2x.png */ = {isa = PBXFileReference; lastKnownFileType = image.png; path = "Indicator_Store@2x.png"; sourceTree = "<group>"; };
		3B538A0F17AFB38C0054E71F /* Indicator_Tops_Hit@2x.png */ = {isa = PBXFileReference; lastKnownFileType = image.png; path = "Indicator_Tops_Hit@2x.png"; sourceTree = "<group>"; };
		3B538A1017AFB38C0054E71F /* Indicator_Tops@2x.png */ = {isa = PBXFileReference; lastKnownFileType = image.png; path = "Indicator_Tops@2x.png"; sourceTree = "<group>"; };
		3B98A54117B0ED4800729EAA /* Bg_NewTip@2x.png */ = {isa = PBXFileReference; lastKnownFileType = image.png; path = "Bg_NewTip@2x.png"; sourceTree = "<group>"; };
		3B98A54317B117EF00729EAA /* QuartzCore.framework */ = {isa = PBXFileReference; lastKnownFileType = wrapper.framework; name = QuartzCore.framework; path = System/Library/Frameworks/QuartzCore.framework; sourceTree = SDKROOT; };
		3B98A54517B118B100729EAA /* Shadow_Tabbar@2x.png */ = {isa = PBXFileReference; lastKnownFileType = image.png; path = "Shadow_Tabbar@2x.png"; sourceTree = "<group>"; };
		613EBD9C1776DDF9004FBA47 /* scroller.app */ = {isa = PBXFileReference; explicitFileType = wrapper.application; includeInIndex = 0; path = scroller.app; sourceTree = BUILT_PRODUCTS_DIR; };
		613EBD9F1776DDF9004FBA47 /* UIKit.framework */ = {isa = PBXFileReference; lastKnownFileType = wrapper.framework; name = UIKit.framework; path = System/Library/Frameworks/UIKit.framework; sourceTree = SDKROOT; };
		613EBDA11776DDF9004FBA47 /* Foundation.framework */ = {isa = PBXFileReference; lastKnownFileType = wrapper.framework; name = Foundation.framework; path = System/Library/Frameworks/Foundation.framework; sourceTree = SDKROOT; };
		613EBDA31776DDF9004FBA47 /* CoreGraphics.framework */ = {isa = PBXFileReference; lastKnownFileType = wrapper.framework; name = CoreGraphics.framework; path = System/Library/Frameworks/CoreGraphics.framework; sourceTree = SDKROOT; };
		613EBDA71776DDF9004FBA47 /* scroller-Info.plist */ = {isa = PBXFileReference; lastKnownFileType = text.plist.xml; path = "scroller-Info.plist"; sourceTree = "<group>"; };
		613EBDA91776DDF9004FBA47 /* en */ = {isa = PBXFileReference; lastKnownFileType = text.plist.strings; name = en; path = en.lproj/InfoPlist.strings; sourceTree = "<group>"; };
		613EBDAB1776DDF9004FBA47 /* main.m */ = {isa = PBXFileReference; lastKnownFileType = sourcecode.c.objc; path = main.m; sourceTree = "<group>"; };
		613EBDAD1776DDF9004FBA47 /* scroller-Prefix.pch */ = {isa = PBXFileReference; lastKnownFileType = sourcecode.c.h; path = "scroller-Prefix.pch"; sourceTree = "<group>"; };
		613EBDAE1776DDF9004FBA47 /* AppDelegate.h */ = {isa = PBXFileReference; lastKnownFileType = sourcecode.c.h; path = AppDelegate.h; sourceTree = "<group>"; };
		613EBDAF1776DDF9004FBA47 /* AppDelegate.m */ = {isa = PBXFileReference; lastKnownFileType = sourcecode.c.objc; path = AppDelegate.m; sourceTree = "<group>"; };
		613EBDB11776DDF9004FBA47 /* Default.png */ = {isa = PBXFileReference; lastKnownFileType = image.png; path = Default.png; sourceTree = "<group>"; };
		613EBDB31776DDF9004FBA47 /* Default@2x.png */ = {isa = PBXFileReference; lastKnownFileType = image.png; path = "Default@2x.png"; sourceTree = "<group>"; };
		613EBDB51776DDF9004FBA47 /* Default-568h@2x.png */ = {isa = PBXFileReference; lastKnownFileType = image.png; path = "Default-568h@2x.png"; sourceTree = "<group>"; };
		613EBDB81776DDF9004FBA47 /* en */ = {isa = PBXFileReference; lastKnownFileType = file.storyboard; name = en; path = en.lproj/MainStoryboard.storyboard; sourceTree = "<group>"; };
		613EBDBA1776DDF9004FBA47 /* ViewController.h */ = {isa = PBXFileReference; lastKnownFileType = sourcecode.c.h; path = ViewController.h; sourceTree = "<group>"; };
		613EBDBB1776DDF9004FBA47 /* ViewController.m */ = {isa = PBXFileReference; lastKnownFileType = sourcecode.c.objc; path = ViewController.m; sourceTree = "<group>"; };
		613EBDC21776DDF9004FBA47 /* scrollerTests.octest */ = {isa = PBXFileReference; explicitFileType = wrapper.cfbundle; includeInIndex = 0; path = scrollerTests.octest; sourceTree = BUILT_PRODUCTS_DIR; };
		613EBDC31776DDF9004FBA47 /* SenTestingKit.framework */ = {isa = PBXFileReference; lastKnownFileType = wrapper.framework; name = SenTestingKit.framework; path = Library/Frameworks/SenTestingKit.framework; sourceTree = DEVELOPER_DIR; };
		613EBDCB1776DDFA004FBA47 /* scrollerTests-Info.plist */ = {isa = PBXFileReference; lastKnownFileType = text.plist.xml; path = "scrollerTests-Info.plist"; sourceTree = "<group>"; };
		613EBDCD1776DDFA004FBA47 /* en */ = {isa = PBXFileReference; lastKnownFileType = text.plist.strings; name = en; path = en.lproj/InfoPlist.strings; sourceTree = "<group>"; };
		613EBDCF1776DDFA004FBA47 /* scrollerTests.h */ = {isa = PBXFileReference; lastKnownFileType = sourcecode.c.h; path = scrollerTests.h; sourceTree = "<group>"; };
		613EBDD01776DDFA004FBA47 /* scrollerTests.m */ = {isa = PBXFileReference; lastKnownFileType = sourcecode.c.objc; path = scrollerTests.m; sourceTree = "<group>"; };
		613EBDEA1776E174004FBA47 /* HZScrollerController.h */ = {isa = PBXFileReference; fileEncoding = 4; lastKnownFileType = sourcecode.c.h; path = HZScrollerController.h; sourceTree = "<group>"; };
		613EBDEB1776E174004FBA47 /* HZScrollerController.m */ = {isa = PBXFileReference; fileEncoding = 4; lastKnownFileType = sourcecode.c.objc; path = HZScrollerController.m; sourceTree = "<group>"; };
		613EBDEE1776E2A2004FBA47 /* HZScrollerBar.h */ = {isa = PBXFileReference; fileEncoding = 4; lastKnownFileType = sourcecode.c.h; path = HZScrollerBar.h; sourceTree = "<group>"; };
		613EBDEF1776E2A2004FBA47 /* HZScrollerBar.m */ = {isa = PBXFileReference; fileEncoding = 4; lastKnownFileType = sourcecode.c.objc; path = HZScrollerBar.m; sourceTree = "<group>"; };
		613EBDF21776E35C004FBA47 /* HZScrollerItem.h */ = {isa = PBXFileReference; fileEncoding = 4; lastKnownFileType = sourcecode.c.h; path = HZScrollerItem.h; sourceTree = "<group>"; };
		613EBDF31776E35C004FBA47 /* HZScrollerItem.m */ = {isa = PBXFileReference; fileEncoding = 4; lastKnownFileType = sourcecode.c.objc; path = HZScrollerItem.m; sourceTree = "<group>"; };
		613EBDF61776E7DC004FBA47 /* UIViewController+Scorller.h */ = {isa = PBXFileReference; fileEncoding = 4; lastKnownFileType = sourcecode.c.h; path = "UIViewController+Scorller.h"; sourceTree = "<group>"; };
		613EBDF71776E7DC004FBA47 /* UIViewController+Scorller.m */ = {isa = PBXFileReference; fileEncoding = 4; lastKnownFileType = sourcecode.c.objc; path = "UIViewController+Scorller.m"; sourceTree = "<group>"; };
		613EBDFA1776F403004FBA47 /* NavTableViewController.h */ = {isa = PBXFileReference; fileEncoding = 4; lastKnownFileType = sourcecode.c.h; path = NavTableViewController.h; sourceTree = "<group>"; };
		613EBDFB1776F403004FBA47 /* NavTableViewController.m */ = {isa = PBXFileReference; fileEncoding = 4; lastKnownFileType = sourcecode.c.objc; path = NavTableViewController.m; sourceTree = "<group>"; };
		613EBDFE1776F412004FBA47 /* TableViewController.h */ = {isa = PBXFileReference; fileEncoding = 4; lastKnownFileType = sourcecode.c.h; path = TableViewController.h; sourceTree = "<group>"; };
		613EBDFF1776F412004FBA47 /* TableViewController.m */ = {isa = PBXFileReference; fileEncoding = 4; lastKnownFileType = sourcecode.c.objc; path = TableViewController.m; sourceTree = "<group>"; };
		613EBE02177731EB004FBA47 /* DetailViewController.h */ = {isa = PBXFileReference; fileEncoding = 4; lastKnownFileType = sourcecode.c.h; path = DetailViewController.h; sourceTree = "<group>"; };
		613EBE03177731EB004FBA47 /* DetailViewController.m */ = {isa = PBXFileReference; fileEncoding = 4; lastKnownFileType = sourcecode.c.objc; path = DetailViewController.m; sourceTree = "<group>"; };
		613EBE061777337D004FBA47 /* Detail2ViewController.h */ = {isa = PBXFileReference; fileEncoding = 4; lastKnownFileType = sourcecode.c.h; path = Detail2ViewController.h; sourceTree = "<group>"; };
		613EBE071777337D004FBA47 /* Detail2ViewController.m */ = {isa = PBXFileReference; fileEncoding = 4; lastKnownFileType = sourcecode.c.objc; path = Detail2ViewController.m; sourceTree = "<group>"; };
/* End PBXFileReference section */

/* Begin PBXFrameworksBuildPhase section */
		613EBD991776DDF9004FBA47 /* Frameworks */ = {
			isa = PBXFrameworksBuildPhase;
			buildActionMask = 2147483647;
			files = (
				3B98A54417B117EF00729EAA /* QuartzCore.framework in Frameworks */,
				613EBDA01776DDF9004FBA47 /* UIKit.framework in Frameworks */,
				613EBDA21776DDF9004FBA47 /* Foundation.framework in Frameworks */,
				613EBDA41776DDF9004FBA47 /* CoreGraphics.framework in Frameworks */,
			);
			runOnlyForDeploymentPostprocessing = 0;
		};
		613EBDBE1776DDF9004FBA47 /* Frameworks */ = {
			isa = PBXFrameworksBuildPhase;
			buildActionMask = 2147483647;
			files = (
				613EBDC41776DDF9004FBA47 /* SenTestingKit.framework in Frameworks */,
				613EBDC51776DDF9004FBA47 /* UIKit.framework in Frameworks */,
				613EBDC61776DDF9004FBA47 /* Foundation.framework in Frameworks */,
			);
			runOnlyForDeploymentPostprocessing = 0;
		};
/* End PBXFrameworksBuildPhase section */

/* Begin PBXGroup section */
		613EBD931776DDF9004FBA47 = {
			isa = PBXGroup;
			children = (
				613EBDA51776DDF9004FBA47 /* scroller */,
				613EBDC91776DDF9004FBA47 /* scrollerTests */,
				613EBD9E1776DDF9004FBA47 /* Frameworks */,
				613EBD9D1776DDF9004FBA47 /* Products */,
			);
			sourceTree = "<group>";
		};
		613EBD9D1776DDF9004FBA47 /* Products */ = {
			isa = PBXGroup;
			children = (
				613EBD9C1776DDF9004FBA47 /* scroller.app */,
				613EBDC21776DDF9004FBA47 /* scrollerTests.octest */,
			);
			name = Products;
			sourceTree = "<group>";
		};
		613EBD9E1776DDF9004FBA47 /* Frameworks */ = {
			isa = PBXGroup;
			children = (
				3B98A54317B117EF00729EAA /* QuartzCore.framework */,
				613EBD9F1776DDF9004FBA47 /* UIKit.framework */,
				613EBDA11776DDF9004FBA47 /* Foundation.framework */,
				613EBDA31776DDF9004FBA47 /* CoreGraphics.framework */,
				613EBDC31776DDF9004FBA47 /* SenTestingKit.framework */,
			);
			name = Frameworks;
			sourceTree = "<group>";
		};
		613EBDA51776DDF9004FBA47 /* scroller */ = {
			isa = PBXGroup;
			children = (
				613EBDE91776E165004FBA47 /* scrollercontroller */,
				613EBDAE1776DDF9004FBA47 /* AppDelegate.h */,
				613EBDAF1776DDF9004FBA47 /* AppDelegate.m */,
				613EBDB71776DDF9004FBA47 /* MainStoryboard.storyboard */,
				613EBDBA1776DDF9004FBA47 /* ViewController.h */,
				613EBDBB1776DDF9004FBA47 /* ViewController.m */,
				613EBDFA1776F403004FBA47 /* NavTableViewController.h */,
				613EBDFB1776F403004FBA47 /* NavTableViewController.m */,
				613EBDFE1776F412004FBA47 /* TableViewController.h */,
				613EBDFF1776F412004FBA47 /* TableViewController.m */,
				613EBE02177731EB004FBA47 /* DetailViewController.h */,
				613EBE03177731EB004FBA47 /* DetailViewController.m */,
				613EBE061777337D004FBA47 /* Detail2ViewController.h */,
				613EBE071777337D004FBA47 /* Detail2ViewController.m */,
				3B538A0517ADF6EE0054E71F /* Detail3ViewController.h */,
				3B538A0617ADF6EE0054E71F /* Detail3ViewController.m */,
				613EBDA61776DDF9004FBA47 /* Supporting Files */,
			);
			path = scroller;
			sourceTree = "<group>";
		};
		613EBDA61776DDF9004FBA47 /* Supporting Files */ = {
			isa = PBXGroup;
			children = (
				3B98A54517B118B100729EAA /* Shadow_Tabbar@2x.png */,
				3B98A54117B0ED4800729EAA /* Bg_NewTip@2x.png */,
				3B538A0817AFB38C0054E71F /* Indicator_Home_Hit@2x.png */,
				3B538A0917AFB38C0054E71F /* Indicator_Home@2x.png */,
				3B538A0A17AFB38C0054E71F /* Indicator_SegTab@2x.png */,
				3B538A0B17AFB38C0054E71F /* Indicator_Setting_Hit@2x.png */,
				3B538A0C17AFB38C0054E71F /* Indicator_Setting@2x.png */,
				3B538A0D17AFB38C0054E71F /* Indicator_Store_Hit@2x.png */,
				3B538A0E17AFB38C0054E71F /* Indicator_Store@2x.png */,
				3B538A0F17AFB38C0054E71F /* Indicator_Tops_Hit@2x.png */,
				3B538A1017AFB38C0054E71F /* Indicator_Tops@2x.png */,
				613EBDA71776DDF9004FBA47 /* scroller-Info.plist */,
				613EBDA81776DDF9004FBA47 /* InfoPlist.strings */,
				613EBDAB1776DDF9004FBA47 /* main.m */,
				613EBDAD1776DDF9004FBA47 /* scroller-Prefix.pch */,
				613EBDB11776DDF9004FBA47 /* Default.png */,
				613EBDB31776DDF9004FBA47 /* Default@2x.png */,
				613EBDB51776DDF9004FBA47 /* Default-568h@2x.png */,
			);
			name = "Supporting Files";
			sourceTree = "<group>";
		};
		613EBDC91776DDF9004FBA47 /* scrollerTests */ = {
			isa = PBXGroup;
			children = (
				613EBDCF1776DDFA004FBA47 /* scrollerTests.h */,
				613EBDD01776DDFA004FBA47 /* scrollerTests.m */,
				613EBDCA1776DDFA004FBA47 /* Supporting Files */,
			);
			path = scrollerTests;
			sourceTree = "<group>";
		};
		613EBDCA1776DDFA004FBA47 /* Supporting Files */ = {
			isa = PBXGroup;
			children = (
				613EBDCB1776DDFA004FBA47 /* scrollerTests-Info.plist */,
				613EBDCC1776DDFA004FBA47 /* InfoPlist.strings */,
			);
			name = "Supporting Files";
			sourceTree = "<group>";
		};
		613EBDE91776E165004FBA47 /* scrollercontroller */ = {
			isa = PBXGroup;
			children = (
				613EBDEA1776E174004FBA47 /* HZScrollerController.h */,
				613EBDEB1776E174004FBA47 /* HZScrollerController.m */,
				613EBDEE1776E2A2004FBA47 /* HZScrollerBar.h */,
				613EBDEF1776E2A2004FBA47 /* HZScrollerBar.m */,
				613EBDF21776E35C004FBA47 /* HZScrollerItem.h */,
				613EBDF31776E35C004FBA47 /* HZScrollerItem.m */,
				613EBDF61776E7DC004FBA47 /* UIViewController+Scorller.h */,
				613EBDF71776E7DC004FBA47 /* UIViewController+Scorller.m */,
			);
			path = scrollercontroller;
			sourceTree = "<group>";
		};
/* End PBXGroup section */

/* Begin PBXNativeTarget section */
		613EBD9B1776DDF9004FBA47 /* scroller */ = {
			isa = PBXNativeTarget;
			buildConfigurationList = 613EBDD41776DDFA004FBA47 /* Build configuration list for PBXNativeTarget "scroller" */;
			buildPhases = (
				613EBD981776DDF9004FBA47 /* Sources */,
				613EBD991776DDF9004FBA47 /* Frameworks */,
				613EBD9A1776DDF9004FBA47 /* Resources */,
			);
			buildRules = (
			);
			dependencies = (
			);
			name = scroller;
			productName = scroller;
			productReference = 613EBD9C1776DDF9004FBA47 /* scroller.app */;
			productType = "com.apple.product-type.application";
		};
		613EBDC11776DDF9004FBA47 /* scrollerTests */ = {
			isa = PBXNativeTarget;
			buildConfigurationList = 613EBDD71776DDFA004FBA47 /* Build configuration list for PBXNativeTarget "scrollerTests" */;
			buildPhases = (
				613EBDBD1776DDF9004FBA47 /* Sources */,
				613EBDBE1776DDF9004FBA47 /* Frameworks */,
				613EBDBF1776DDF9004FBA47 /* Resources */,
				613EBDC01776DDF9004FBA47 /* ShellScript */,
			);
			buildRules = (
			);
			dependencies = (
				613EBDC81776DDF9004FBA47 /* PBXTargetDependency */,
			);
			name = scrollerTests;
			productName = scrollerTests;
			productReference = 613EBDC21776DDF9004FBA47 /* scrollerTests.octest */;
			productType = "com.apple.product-type.bundle";
		};
/* End PBXNativeTarget section */

/* Begin PBXProject section */
		613EBD941776DDF9004FBA47 /* Project object */ = {
			isa = PBXProject;
			attributes = {
				LastUpgradeCheck = 0460;
				ORGANIZATIONNAME = "Cloud Dai";
			};
			buildConfigurationList = 613EBD971776DDF9004FBA47 /* Build configuration list for PBXProject "scroller" */;
			compatibilityVersion = "Xcode 3.2";
			developmentRegion = English;
			hasScannedForEncodings = 0;
			knownRegions = (
				en,
			);
			mainGroup = 613EBD931776DDF9004FBA47;
			productRefGroup = 613EBD9D1776DDF9004FBA47 /* Products */;
			projectDirPath = "";
			projectRoot = "";
			targets = (
				613EBD9B1776DDF9004FBA47 /* scroller */,
				613EBDC11776DDF9004FBA47 /* scrollerTests */,
			);
		};
/* End PBXProject section */

/* Begin PBXResourcesBuildPhase section */
		613EBD9A1776DDF9004FBA47 /* Resources */ = {
			isa = PBXResourcesBuildPhase;
			buildActionMask = 2147483647;
			files = (
				613EBDAA1776DDF9004FBA47 /* InfoPlist.strings in Resources */,
				613EBDB21776DDF9004FBA47 /* Default.png in Resources */,
				613EBDB41776DDF9004FBA47 /* Default@2x.png in Resources */,
				613EBDB61776DDF9004FBA47 /* Default-568h@2x.png in Resources */,
				613EBDB91776DDF9004FBA47 /* MainStoryboard.storyboard in Resources */,
				3B538A1117AFB38C0054E71F /* Indicator_Home_Hit@2x.png in Resources */,
				3B538A1217AFB38C0054E71F /* Indicator_Home@2x.png in Resources */,
				3B538A1317AFB38C0054E71F /* Indicator_SegTab@2x.png in Resources */,
				3B538A1417AFB38C0054E71F /* Indicator_Setting_Hit@2x.png in Resources */,
				3B538A1517AFB38C0054E71F /* Indicator_Setting@2x.png in Resources */,
				3B538A1617AFB38C0054E71F /* Indicator_Store_Hit@2x.png in Resources */,
				3B538A1717AFB38C0054E71F /* Indicator_Store@2x.png in Resources */,
				3B538A1817AFB38C0054E71F /* Indicator_Tops_Hit@2x.png in Resources */,
				3B538A1917AFB38C0054E71F /* Indicator_Tops@2x.png in Resources */,
				3B98A54217B0ED4800729EAA /* Bg_NewTip@2x.png in Resources */,
				3B98A54617B118B100729EAA /* Shadow_Tabbar@2x.png in Resources */,
			);
			runOnlyForDeploymentPostprocessing = 0;
		};
		613EBDBF1776DDF9004FBA47 /* Resources */ = {
			isa = PBXResourcesBuildPhase;
			buildActionMask = 2147483647;
			files = (
				613EBDCE1776DDFA004FBA47 /* InfoPlist.strings in Resources */,
			);
			runOnlyForDeploymentPostprocessing = 0;
		};
/* End PBXResourcesBuildPhase section */

/* Begin PBXShellScriptBuildPhase section */
		613EBDC01776DDF9004FBA47 /* ShellScript */ = {
			isa = PBXShellScriptBuildPhase;
			buildActionMask = 2147483647;
			files = (
			);
			inputPaths = (
			);
			outputPaths = (
			);
			runOnlyForDeploymentPostprocessing = 0;
			shellPath = /bin/sh;
			shellScript = "# Run the unit tests in this test bundle.\n\"${SYSTEM_DEVELOPER_DIR}/Tools/RunUnitTests\"\n";
		};
/* End PBXShellScriptBuildPhase section */

/* Begin PBXSourcesBuildPhase section */
		613EBD981776DDF9004FBA47 /* Sources */ = {
			isa = PBXSourcesBuildPhase;
			buildActionMask = 2147483647;
			files = (
				613EBDAC1776DDF9004FBA47 /* main.m in Sources */,
				613EBDB01776DDF9004FBA47 /* AppDelegate.m in Sources */,
				613EBDBC1776DDF9004FBA47 /* ViewController.m in Sources */,
				613EBDEC1776E174004FBA47 /* HZScrollerController.m in Sources */,
				613EBDF01776E2A2004FBA47 /* HZScrollerBar.m in Sources */,
				613EBDF41776E35C004FBA47 /* HZScrollerItem.m in Sources */,
				613EBDF81776E7DC004FBA47 /* UIViewController+Scorller.m in Sources */,
				613EBDFC1776F403004FBA47 /* NavTableViewController.m in Sources */,
				613EBE001776F412004FBA47 /* TableViewController.m in Sources */,
				613EBE04177731EB004FBA47 /* DetailViewController.m in Sources */,
				613EBE081777337E004FBA47 /* Detail2ViewController.m in Sources */,
				3B538A0717ADF6EE0054E71F /* Detail3ViewController.m in Sources */,
			);
			runOnlyForDeploymentPostprocessing = 0;
		};
		613EBDBD1776DDF9004FBA47 /* Sources */ = {
			isa = PBXSourcesBuildPhase;
			buildActionMask = 2147483647;
			files = (
				613EBDD11776DDFA004FBA47 /* scrollerTests.m in Sources */,
				613EBDED1776E174004FBA47 /* HZScrollerController.m in Sources */,
				613EBDF11776E2A2004FBA47 /* HZScrollerBar.m in Sources */,
				613EBDF51776E35C004FBA47 /* HZScrollerItem.m in Sources */,
				613EBDF91776E7DC004FBA47 /* UIViewController+Scorller.m in Sources */,
				613EBDFD1776F403004FBA47 /* NavTableViewController.m in Sources */,
				613EBE011776F412004FBA47 /* TableViewController.m in Sources */,
				613EBE05177731EB004FBA47 /* DetailViewController.m in Sources */,
				613EBE091777337E004FBA47 /* Detail2ViewController.m in Sources */,
			);
			runOnlyForDeploymentPostprocessing = 0;
		};
/* End PBXSourcesBuildPhase section */

/* Begin PBXTargetDependency section */
		613EBDC81776DDF9004FBA47 /* PBXTargetDependency */ = {
			isa = PBXTargetDependency;
			target = 613EBD9B1776DDF9004FBA47 /* scroller */;
			targetProxy = 613EBDC71776DDF9004FBA47 /* PBXContainerItemProxy */;
		};
/* End PBXTargetDependency section */

/* Begin PBXVariantGroup section */
		613EBDA81776DDF9004FBA47 /* InfoPlist.strings */ = {
			isa = PBXVariantGroup;
			children = (
				613EBDA91776DDF9004FBA47 /* en */,
			);
			name = InfoPlist.strings;
			sourceTree = "<group>";
		};
		613EBDB71776DDF9004FBA47 /* MainStoryboard.storyboard */ = {
			isa = PBXVariantGroup;
			children = (
				613EBDB81776DDF9004FBA47 /* en */,
			);
			name = MainStoryboard.storyboard;
			sourceTree = "<group>";
		};
		613EBDCC1776DDFA004FBA47 /* InfoPlist.strings */ = {
			isa = PBXVariantGroup;
			children = (
				613EBDCD1776DDFA004FBA47 /* en */,
			);
			name = InfoPlist.strings;
			sourceTree = "<group>";
		};
/* End PBXVariantGroup section */

/* Begin XCBuildConfiguration section */
		613EBDD21776DDFA004FBA47 /* Debug */ = {
			isa = XCBuildConfiguration;
			buildSettings = {
				ALWAYS_SEARCH_USER_PATHS = NO;
				CLANG_CXX_LANGUAGE_STANDARD = "gnu++0x";
				CLANG_CXX_LIBRARY = "libc++";
				CLANG_ENABLE_OBJC_ARC = YES;
				CLANG_WARN_CONSTANT_CONVERSION = YES;
				CLANG_WARN_EMPTY_BODY = YES;
				CLANG_WARN_ENUM_CONVERSION = YES;
				CLANG_WARN_INT_CONVERSION = YES;
				CLANG_WARN__DUPLICATE_METHOD_MATCH = YES;
				"CODE_SIGN_IDENTITY[sdk=iphoneos*]" = "iPhone Developer";
				COPY_PHASE_STRIP = NO;
				GCC_C_LANGUAGE_STANDARD = gnu99;
				GCC_DYNAMIC_NO_PIC = NO;
				GCC_OPTIMIZATION_LEVEL = 0;
				GCC_PREPROCESSOR_DEFINITIONS = (
					"DEBUG=1",
					"$(inherited)",
				);
				GCC_SYMBOLS_PRIVATE_EXTERN = NO;
				GCC_WARN_ABOUT_RETURN_TYPE = YES;
				GCC_WARN_UNINITIALIZED_AUTOS = YES;
				GCC_WARN_UNUSED_VARIABLE = YES;
				IPHONEOS_DEPLOYMENT_TARGET = 5.1;
				ONLY_ACTIVE_ARCH = YES;
				SDKROOT = iphoneos;
			};
			name = Debug;
		};
		613EBDD31776DDFA004FBA47 /* Release */ = {
			isa = XCBuildConfiguration;
			buildSettings = {
				ALWAYS_SEARCH_USER_PATHS = NO;
				CLANG_CXX_LANGUAGE_STANDARD = "gnu++0x";
				CLANG_CXX_LIBRARY = "libc++";
				CLANG_ENABLE_OBJC_ARC = YES;
				CLANG_WARN_CONSTANT_CONVERSION = YES;
				CLANG_WARN_EMPTY_BODY = YES;
				CLANG_WARN_ENUM_CONVERSION = YES;
				CLANG_WARN_INT_CONVERSION = YES;
				CLANG_WARN__DUPLICATE_METHOD_MATCH = YES;
				"CODE_SIGN_IDENTITY[sdk=iphoneos*]" = "iPhone Developer";
				COPY_PHASE_STRIP = YES;
				GCC_C_LANGUAGE_STANDARD = gnu99;
				GCC_WARN_ABOUT_RETURN_TYPE = YES;
				GCC_WARN_UNINITIALIZED_AUTOS = YES;
				GCC_WARN_UNUSED_VARIABLE = YES;
				IPHONEOS_DEPLOYMENT_TARGET = 5.1;
				OTHER_CFLAGS = "-DNS_BLOCK_ASSERTIONS=1";
				SDKROOT = iphoneos;
				VALIDATE_PRODUCT = YES;
			};
			name = Release;
		};
		613EBDD51776DDFA004FBA47 /* Debug */ = {
			isa = XCBuildConfiguration;
			buildSettings = {
				GCC_PRECOMPILE_PREFIX_HEADER = YES;
				GCC_PREFIX_HEADER = "scroller/scroller-Prefix.pch";
				INFOPLIST_FILE = "scroller/scroller-Info.plist";
				IPHONEOS_DEPLOYMENT_TARGET = 5.1;
				PRODUCT_NAME = "$(TARGET_NAME)";
				WRAPPER_EXTENSION = app;
			};
			name = Debug;
		};
		613EBDD61776DDFA004FBA47 /* Release */ = {
			isa = XCBuildConfiguration;
			buildSettings = {
				GCC_PRECOMPILE_PREFIX_HEADER = YES;
				GCC_PREFIX_HEADER = "scroller/scroller-Prefix.pch";
				INFOPLIST_FILE = "scroller/scroller-Info.plist";
				IPHONEOS_DEPLOYMENT_TARGET = 5.1;
				PRODUCT_NAME = "$(TARGET_NAME)";
				WRAPPER_EXTENSION = app;
			};
			name = Release;
		};
		613EBDD81776DDFA004FBA47 /* Debug */ = {
			isa = XCBuildConfiguration;
			buildSettings = {
				BUNDLE_LOADER = "$(BUILT_PRODUCTS_DIR)/scroller.app/scroller";
				FRAMEWORK_SEARCH_PATHS = (
					"\"$(SDKROOT)/Developer/Library/Frameworks\"",
					"\"$(DEVELOPER_LIBRARY_DIR)/Frameworks\"",
				);
				GCC_PRECOMPILE_PREFIX_HEADER = YES;
				GCC_PREFIX_HEADER = "scroller/scroller-Prefix.pch";
				INFOPLIST_FILE = "scrollerTests/scrollerTests-Info.plist";
				PRODUCT_NAME = "$(TARGET_NAME)";
				TEST_HOST = "$(BUNDLE_LOADER)";
				WRAPPER_EXTENSION = octest;
			};
			name = Debug;
		};
		613EBDD91776DDFA004FBA47 /* Release */ = {
			isa = XCBuildConfiguration;
			buildSettings = {
				BUNDLE_LOADER = "$(BUILT_PRODUCTS_DIR)/scroller.app/scroller";
				FRAMEWORK_SEARCH_PATHS = (
					"\"$(SDKROOT)/Developer/Library/Frameworks\"",
					"\"$(DEVELOPER_LIBRARY_DIR)/Frameworks\"",
				);
				GCC_PRECOMPILE_PREFIX_HEADER = YES;
				GCC_PREFIX_HEADER = "scroller/scroller-Prefix.pch";
				INFOPLIST_FILE = "scrollerTests/scrollerTests-Info.plist";
				PRODUCT_NAME = "$(TARGET_NAME)";
				TEST_HOST = "$(BUNDLE_LOADER)";
				WRAPPER_EXTENSION = octest;
			};
			name = Release;
		};
/* End XCBuildConfiguration section */

/* Begin XCConfigurationList section */
		613EBD971776DDF9004FBA47 /* Build configuration list for PBXProject "scroller" */ = {
			isa = XCConfigurationList;
			buildConfigurations = (
				613EBDD21776DDFA004FBA47 /* Debug */,
				613EBDD31776DDFA004FBA47 /* Release */,
			);
			defaultConfigurationIsVisible = 0;
			defaultConfigurationName = Release;
		};
		613EBDD41776DDFA004FBA47 /* Build configuration list for PBXNativeTarget "scroller" */ = {
			isa = XCConfigurationList;
			buildConfigurations = (
				613EBDD51776DDFA004FBA47 /* Debug */,
				613EBDD61776DDFA004FBA47 /* Release */,
			);
			defaultConfigurationIsVisible = 0;
			defaultConfigurationName = Release;
		};
		613EBDD71776DDFA004FBA47 /* Build configuration list for PBXNativeTarget "scrollerTests" */ = {
			isa = XCConfigurationList;
			buildConfigurations = (
				613EBDD81776DDFA004FBA47 /* Debug */,
				613EBDD91776DDFA004FBA47 /* Release */,
			);
			defaultConfigurationIsVisible = 0;
			defaultConfigurationName = Release;
		};
/* End XCConfigurationList section */
	};
	rootObject = 613EBD941776DDF9004FBA47 /* Project object */;
}
